{
  "name": "sample-npm-package-use",
  "version": "1.0.0",
  "lockfileVersion": 2,
  "requires": true,
  "packages": {
    "": {
      "name": "sample-npm-package-use",
      "version": "1.0.0",
      "license": "ISC",
      "dependencies": {
        "@qwerty0121/sample-npm-package": "^1.0.1"
      }
    },
    "node_modules/@qwerty0121/sample-npm-package": {
      "version": "1.0.1",
      "resolved": "https://npm.pkg.github.com/download/@qwerty0121/sample-npm-package/1.0.1/9a65a657d58c0b3e2cc66e3990e05c3d56770437",
      "integrity": "sha512-9fiNX95xj8e3Z7At4ShUmfQBOFp8nUEGDGIQkotoHeG98NFA52bA2PBSwcyBwiTNAx4s6aUnx6nYqMP9IULgiA==",
      "license": "ISC"
    }
  },
  "dependencies": {
    "@qwerty0121/sample-npm-package": {
      "version": "1.0.1",
      "resolved": "https://npm.pkg.github.com/download/@qwerty0121/sample-npm-package/1.0.1/9a65a657d58c0b3e2cc66e3990e05c3d56770437",
      "integrity": "sha512-9fiNX95xj8e3Z7At4ShUmfQBOFp8nUEGDGIQkotoHeG98NFA52bA2PBSwcyBwiTNAx4s6aUnx6nYqMP9IULgiA=="
    }
  }
}
