{
  "name": "sample-npm-package-use",
  "version": "1.0.0",
  "lockfileVersion": 2,
  "requires": true,
  "packages": {
    "": {
      "name": "sample-npm-package-use",
      "version": "1.0.0",
      "license": "ISC",
      "dependencies": {
        "@qwerty0121/sample-npm-package": "^1.0.0"
      }
    },
    "node_modules/@qwerty0121/sample-npm-package": {
      "version": "1.0.0",
      "resolved": "https://npm.pkg.github.com/download/@qwerty0121/sample-npm-package/1.0.0/ab4f0ffbc0b4ca3cc31026f7ee65d708c34044ce",
      "integrity": "sha512-eDlP0lNgsjyQdLCZHGYueiktgUesWvD8wl84m5rbo9T8iHnXEI+v883o6v61IFqBhfka1OpDCAQJQ9xDlIld2w==",
      "license": "ISC"
    }
  },
  "dependencies": {
    "@qwerty0121/sample-npm-package": {
      "version": "1.0.0",
      "resolved": "https://npm.pkg.github.com/download/@qwerty0121/sample-npm-package/1.0.0/ab4f0ffbc0b4ca3cc31026f7ee65d708c34044ce",
      "integrity": "sha512-eDlP0lNgsjyQdLCZHGYueiktgUesWvD8wl84m5rbo9T8iHnXEI+v883o6v61IFqBhfka1OpDCAQJQ9xDlIld2w=="
    }
  }
}
